
Microsoft Visual Studio Solution File, Format Version 12.00
# Visual Studio Version 18
VisualStudioVersion = 18.0.11123.170 d18.0
MinimumVisualStudioVersion = 10.0.40219.1
Project("{FAE04EC0-301F-11D3-BF4B-00C04F79EFBC}") = "uMarket.App", "uMarket\uMarket.App.csproj", "{9E4107A1-8623-4AEB-8CFD-EB19222ACE94}"
EndProject
Project("{FAE04EC0-301F-11D3-BF4B-00C04F79EFBC}") = "uMarket.Server", "uMarket.Server\uMarket.Server.csproj", "{AC69C9D9-20FD-4625-A158-3D67869CCEC9}"
EndProject
Global
	GlobalSection(SolutionConfigurationPlatforms) = preSolution
		Debug|Any CPU = Debug|Any CPU
		Release|Any CPU = Release|Any CPU
	EndGlobalSection
	GlobalSection(ProjectConfigurationPlatforms) = postSolution
		{9E4107A1-8623-4AEB-8CFD-EB19222ACE94}.Debug|Any CPU.ActiveCfg = Debug|Any CPU
		{9E4107A1-8623-4AEB-8CFD-EB19222ACE94}.Debug|Any CPU.Build.0 = Debug|Any CPU
		{9E4107A1-8623-4AEB-8CFD-EB19222ACE94}.Debug|Any CPU.Deploy.0 = Debug|Any CPU
		{9E4107A1-8623-4AEB-8CFD-EB19222ACE94}.Release|Any CPU.ActiveCfg = Release|Any CPU
		{9E4107A1-8623-4AEB-8CFD-EB19222ACE94}.Release|Any CPU.Build.0 = Release|Any CPU
		{AC69C9D9-20FD-4625-A158-3D67869CCEC9}.Debug|Any CPU.ActiveCfg = Debug|Any CPU
		{AC69C9D9-20FD-4625-A158-3D67869CCEC9}.Debug|Any CPU.Build.0 = Debug|Any CPU
		{AC69C9D9-20FD-4625-A158-3D67869CCEC9}.Release|Any CPU.ActiveCfg = Release|Any CPU
		{AC69C9D9-20FD-4625-A158-3D67869CCEC9}.Release|Any CPU.Build.0 = Release|Any CPU
	EndGlobalSection
	GlobalSection(SolutionProperties) = preSolution
		HideSolutionNode = FALSE
	EndGlobalSection
	GlobalSection(ExtensibilityGlobals) = postSolution
		SolutionGuid = {C655361B-1F5C-469C-AA36-69CEDEC2C1BD}
	EndGlobalSection
EndGlobal
